{
  "name": "ksef-pdf",
  "version": "1.1.36",
  "lockfileVersion": 3,
  "requires": true,
  "packages": {
    "": {
      "name": "ksef-pdf",
      "version": "1.1.36",
      "license": "MIT",
      "dependencies": {
        "sea-builder": "^0.0.2"
      },
      "engines": {
        "node": ">=26.0.0"
      }
    },
    "node_modules/sea-builder": {
      "version": "0.0.2",
      "resolved": "https://registry.npmjs.org/sea-builder/-/sea-builder-0.0.2.tgz",
      "integrity": "sha512-GrF+iQ36wBPitrBPz/cXHDju2PmaXrXjD3a4tnKFcVmMxdU/WZEa9XpNy9TTkrQufpOK5nGuHdV4jzdKT86eMw==",
      "license": "MIT"
    }
  }
}
